
Microsoft Visual Studio Solution File, Format Version 12.00
# Visual Studio 2015
Project("{FAE04EC0-301F-11D3-BF4B-00C04F79EFBC}") = "Tapjoy.CSharp", "Tapjoy.CSharp.csproj", "{5D3FE224-4A72-FC61-6297-4E56C0C913AE}"
EndProject
Global
	GlobalSection(SolutionConfigurationPlatforms) = preSolution
		Debug|Any CPU = Debug|Any CPU
		Release|Any CPU = Release|Any CPU
	EndGlobalSection
	GlobalSection(ProjectConfigurationPlatforms) = postSolution
		{5D3FE224-4A72-FC61-6297-4E56C0C913AE}.Debug|Any CPU.ActiveCfg = Debug|Any CPU
		{5D3FE224-4A72-FC61-6297-4E56C0C913AE}.Debug|Any CPU.Build.0 = Debug|Any CPU
		{5D3FE224-4A72-FC61-6297-4E56C0C913AE}.Release|Any CPU.ActiveCfg = Release|Any CPU
		{5D3FE224-4A72-FC61-6297-4E56C0C913AE}.Release|Any CPU.Build.0 = Release|Any CPU
	EndGlobalSection
	GlobalSection(SolutionProperties) = preSolution
		HideSolutionNode = FALSE
	EndGlobalSection
EndGlobal
